// !$*UTF8*$!
{
	archiveVersion = 1;
	classes = {
	};
	objectVersion = 46;
	objects = {

/* Begin PBXBuildFile section */
		AAA8D1241E91338E0095861D /* CustomFlowLayout.m in Sources */ = {isa = PBXBuildFile; fileRef = AAA8D1231E91338E0095861D /* CustomFlowLayout.m */; };
		AAA8D1271E9133C00095861D /* CustomCollectionViewCell.m in Sources */ = {isa = PBXBuildFile; fileRef = AAA8D1261E9133C00095861D /* CustomCollectionViewCell.m */; };
		AAA8D12A1E9134870095861D /* CustomCollectionViewLayout.m in Sources */ = {isa = PBXBuildFile; fileRef = AAA8D1291E9134870095861D /* CustomCollectionViewLayout.m */; };
		AAA8D12D1E9135470095861D /* decorationview.m in Sources */ = {isa = PBXBuildFile; fileRef = AAA8D12C1E9135470095861D /* decorationview.m */; };
		AAA8D1301E9135850095861D /* headerfooterview.m in Sources */ = {isa = PBXBuildFile; fileRef = AAA8D12F1E9135850095861D /* headerfooterview.m */; };
		AAF791B21E530FBE00085B4A /* main.m in Sources */ = {isa = PBXBuildFile; fileRef = AAF791B11E530FBE00085B4A /* main.m */; };
		AAF791B51E530FBE00085B4A /* AppDelegate.m in Sources */ = {isa = PBXBuildFile; fileRef = AAF791B41E530FBE00085B4A /* AppDelegate.m */; };
		AAF791B81E530FBE00085B4A /* ViewController.m in Sources */ = {isa = PBXBuildFile; fileRef = AAF791B71E530FBE00085B4A /* ViewController.m */; };
		AAF791BB1E530FBE00085B4A /* Main.storyboard in Resources */ = {isa = PBXBuildFile; fileRef = AAF791B91E530FBE00085B4A /* Main.storyboard */; };
		AAF791BD1E530FBE00085B4A /* Assets.xcassets in Resources */ = {isa = PBXBuildFile; fileRef = AAF791BC1E530FBE00085B4A /* Assets.xcassets */; };
		AAF791C01E530FBE00085B4A /* LaunchScreen.storyboard in Resources */ = {isa = PBXBuildFile; fileRef = AAF791BE1E530FBE00085B4A /* LaunchScreen.storyboard */; };
/* End PBXBuildFile section */

/* Begin PBXFileReference section */
		AAA8D1221E91338E0095861D /* CustomFlowLayout.h */ = {isa = PBXFileReference; fileEncoding = 4; lastKnownFileType = sourcecode.c.h; path = CustomFlowLayout.h; sourceTree = "<group>"; };
		AAA8D1231E91338E0095861D /* CustomFlowLayout.m */ = {isa = PBXFileReference; fileEncoding = 4; lastKnownFileType = sourcecode.c.objc; path = CustomFlowLayout.m; sourceTree = "<group>"; };
		AAA8D1251E9133C00095861D /* CustomCollectionViewCell.h */ = {isa = PBXFileReference; fileEncoding = 4; lastKnownFileType = sourcecode.c.h; path = CustomCollectionViewCell.h; sourceTree = "<group>"; };
		AAA8D1261E9133C00095861D /* CustomCollectionViewCell.m */ = {isa = PBXFileReference; fileEncoding = 4; lastKnownFileType = sourcecode.c.objc; path = CustomCollectionViewCell.m; sourceTree = "<group>"; };
		AAA8D1281E9134870095861D /* CustomCollectionViewLayout.h */ = {isa = PBXFileReference; fileEncoding = 4; lastKnownFileType = sourcecode.c.h; path = CustomCollectionViewLayout.h; sourceTree = "<group>"; };
		AAA8D1291E9134870095861D /* CustomCollectionViewLayout.m */ = {isa = PBXFileReference; fileEncoding = 4; lastKnownFileType = sourcecode.c.objc; path = CustomCollectionViewLayout.m; sourceTree = "<group>"; };
		AAA8D12B1E9135470095861D /* decorationview.h */ = {isa = PBXFileReference; fileEncoding = 4; lastKnownFileType = sourcecode.c.h; path = decorationview.h; sourceTree = "<group>"; };
		AAA8D12C1E9135470095861D /* decorationview.m */ = {isa = PBXFileReference; fileEncoding = 4; lastKnownFileType = sourcecode.c.objc; path = decorationview.m; sourceTree = "<group>"; };
		AAA8D12E1E9135850095861D /* headerfooterview.h */ = {isa = PBXFileReference; fileEncoding = 4; lastKnownFileType = sourcecode.c.h; path = headerfooterview.h; sourceTree = "<group>"; };
		AAA8D12F1E9135850095861D /* headerfooterview.m */ = {isa = PBXFileReference; fileEncoding = 4; lastKnownFileType = sourcecode.c.objc; path = headerfooterview.m; sourceTree = "<group>"; };
		AAA8D1311E9135D10095861D /* constants.h */ = {isa = PBXFileReference; fileEncoding = 4; lastKnownFileType = sourcecode.c.h; path = constants.h; sourceTree = "<group>"; };
		AAF791AD1E530FBE00085B4A /* customlayout_collectionview.app */ = {isa = PBXFileReference; explicitFileType = wrapper.application; includeInIndex = 0; path = customlayout_collectionview.app; sourceTree = BUILT_PRODUCTS_DIR; };
		AAF791B11E530FBE00085B4A /* main.m */ = {isa = PBXFileReference; lastKnownFileType = sourcecode.c.objc; path = main.m; sourceTree = "<group>"; };
		AAF791B31E530FBE00085B4A /* AppDelegate.h */ = {isa = PBXFileReference; lastKnownFileType = sourcecode.c.h; path = AppDelegate.h; sourceTree = "<group>"; };
		AAF791B41E530FBE00085B4A /* AppDelegate.m */ = {isa = PBXFileReference; lastKnownFileType = sourcecode.c.objc; path = AppDelegate.m; sourceTree = "<group>"; };
		AAF791B61E530FBE00085B4A /* ViewController.h */ = {isa = PBXFileReference; lastKnownFileType = sourcecode.c.h; path = ViewController.h; sourceTree = "<group>"; };
		AAF791B71E530FBE00085B4A /* ViewController.m */ = {isa = PBXFileReference; lastKnownFileType = sourcecode.c.objc; path = ViewController.m; sourceTree = "<group>"; };
		AAF791BA1E530FBE00085B4A /* Base */ = {isa = PBXFileReference; lastKnownFileType = file.storyboard; name = Base; path = Base.lproj/Main.storyboard; sourceTree = "<group>"; };
		AAF791BC1E530FBE00085B4A /* Assets.xcassets */ = {isa = PBXFileReference; lastKnownFileType = folder.assetcatalog; path = Assets.xcassets; sourceTree = "<group>"; };
		AAF791BF1E530FBE00085B4A /* Base */ = {isa = PBXFileReference; lastKnownFileType = file.storyboard; name = Base; path = Base.lproj/LaunchScreen.storyboard; sourceTree = "<group>"; };
		AAF791C11E530FBE00085B4A /* Info.plist */ = {isa = PBXFileReference; lastKnownFileType = text.plist.xml; path = Info.plist; sourceTree = "<group>"; };
/* End PBXFileReference section */

/* Begin PBXFrameworksBuildPhase section */
		AAF791AA1E530FBE00085B4A /* Frameworks */ = {
			isa = PBXFrameworksBuildPhase;
			buildActionMask = 2147483647;
			files = (
			);
			runOnlyForDeploymentPostprocessing = 0;
		};
/* End PBXFrameworksBuildPhase section */

/* Begin PBXGroup section */
		AAF791A41E530FBE00085B4A = {
			isa = PBXGroup;
			children = (
				AAF791AF1E530FBE00085B4A /* customlayout_collectionview */,
				AAF791AE1E530FBE00085B4A /* Products */,
			);
			sourceTree = "<group>";
		};
		AAF791AE1E530FBE00085B4A /* Products */ = {
			isa = PBXGroup;
			children = (
				AAF791AD1E530FBE00085B4A /* customlayout_collectionview.app */,
			);
			name = Products;
			sourceTree = "<group>";
		};
		AAF791AF1E530FBE00085B4A /* customlayout_collectionview */ = {
			isa = PBXGroup;
			children = (
				AAF791B31E530FBE00085B4A /* AppDelegate.h */,
				AAF791B41E530FBE00085B4A /* AppDelegate.m */,
				AAF791B61E530FBE00085B4A /* ViewController.h */,
				AAF791B71E530FBE00085B4A /* ViewController.m */,
				AAA8D1221E91338E0095861D /* CustomFlowLayout.h */,
				AAA8D1231E91338E0095861D /* CustomFlowLayout.m */,
				AAA8D1251E9133C00095861D /* CustomCollectionViewCell.h */,
				AAA8D1261E9133C00095861D /* CustomCollectionViewCell.m */,
				AAA8D1281E9134870095861D /* CustomCollectionViewLayout.h */,
				AAA8D1291E9134870095861D /* CustomCollectionViewLayout.m */,
				AAA8D12B1E9135470095861D /* decorationview.h */,
				AAA8D12C1E9135470095861D /* decorationview.m */,
				AAA8D12E1E9135850095861D /* headerfooterview.h */,
				AAA8D12F1E9135850095861D /* headerfooterview.m */,
				AAA8D1311E9135D10095861D /* constants.h */,
				AAF791B91E530FBE00085B4A /* Main.storyboard */,
				AAF791BC1E530FBE00085B4A /* Assets.xcassets */,
				AAF791BE1E530FBE00085B4A /* LaunchScreen.storyboard */,
				AAF791C11E530FBE00085B4A /* Info.plist */,
				AAF791B01E530FBE00085B4A /* Supporting Files */,
			);
			path = customlayout_collectionview;
			sourceTree = "<group>";
		};
		AAF791B01E530FBE00085B4A /* Supporting Files */ = {
			isa = PBXGroup;
			children = (
				AAF791B11E530FBE00085B4A /* main.m */,
			);
			name = "Supporting Files";
			sourceTree = "<group>";
		};
/* End PBXGroup section */

/* Begin PBXNativeTarget section */
		AAF791AC1E530FBE00085B4A /* customlayout_collectionview */ = {
			isa = PBXNativeTarget;
			buildConfigurationList = AAF791C41E530FBE00085B4A /* Build configuration list for PBXNativeTarget "customlayout_collectionview" */;
			buildPhases = (
				AAF791A91E530FBE00085B4A /* Sources */,
				AAF791AA1E530FBE00085B4A /* Frameworks */,
				AAF791AB1E530FBE00085B4A /* Resources */,
			);
			buildRules = (
			);
			dependencies = (
			);
			name = customlayout_collectionview;
			productName = customlayout_collectionview;
			productReference = AAF791AD1E530FBE00085B4A /* customlayout_collectionview.app */;
			productType = "com.apple.product-type.application";
		};
/* End PBXNativeTarget section */

/* Begin PBXProject section */
		AAF791A51E530FBE00085B4A /* Project object */ = {
			isa = PBXProject;
			attributes = {
				LastUpgradeCheck = 0820;
				ORGANIZATIONNAME = "Rajeeva Ranjan";
				TargetAttributes = {
					AAF791AC1E530FBE00085B4A = {
						CreatedOnToolsVersion = 8.2.1;
						DevelopmentTeam = PM7352S8QE;
						ProvisioningStyle = Automatic;
					};
				};
			};
			buildConfigurationList = AAF791A81E530FBE00085B4A /* Build configuration list for PBXProject "customlayout_collectionview" */;
			compatibilityVersion = "Xcode 3.2";
			developmentRegion = English;
			hasScannedForEncodings = 0;
			knownRegions = (
				en,
				Base,
			);
			mainGroup = AAF791A41E530FBE00085B4A;
			productRefGroup = AAF791AE1E530FBE00085B4A /* Products */;
			projectDirPath = "";
			projectRoot = "";
			targets = (
				AAF791AC1E530FBE00085B4A /* customlayout_collectionview */,
			);
		};
/* End PBXProject section */

/* Begin PBXResourcesBuildPhase section */
		AAF791AB1E530FBE00085B4A /* Resources */ = {
			isa = PBXResourcesBuildPhase;
			buildActionMask = 2147483647;
			files = (
				AAF791C01E530FBE00085B4A /* LaunchScreen.storyboard in Resources */,
				AAF791BD1E530FBE00085B4A /* Assets.xcassets in Resources */,
				AAF791BB1E530FBE00085B4A /* Main.storyboard in Resources */,
			);
			runOnlyForDeploymentPostprocessing = 0;
		};
/* End PBXResourcesBuildPhase section */

/* Begin PBXSourcesBuildPhase section */
		AAF791A91E530FBE00085B4A /* Sources */ = {
			isa = PBXSourcesBuildPhase;
			buildActionMask = 2147483647;
			files = (
				AAA8D1301E9135850095861D /* headerfooterview.m in Sources */,
				AAF791B81E530FBE00085B4A /* ViewController.m in Sources */,
				AAF791B51E530FBE00085B4A /* AppDelegate.m in Sources */,
				AAA8D1271E9133C00095861D /* CustomCollectionViewCell.m in Sources */,
				AAA8D12A1E9134870095861D /* CustomCollectionViewLayout.m in Sources */,
				AAF791B21E530FBE00085B4A /* main.m in Sources */,
				AAA8D1241E91338E0095861D /* CustomFlowLayout.m in Sources */,
				AAA8D12D1E9135470095861D /* decorationview.m in Sources */,
			);
			runOnlyForDeploymentPostprocessing = 0;
		};
/* End PBXSourcesBuildPhase section */

/* Begin PBXVariantGroup section */
		AAF791B91E530FBE00085B4A /* Main.storyboard */ = {
			isa = PBXVariantGroup;
			children = (
				AAF791BA1E530FBE00085B4A /* Base */,
			);
			name = Main.storyboard;
			sourceTree = "<group>";
		};
		AAF791BE1E530FBE00085B4A /* LaunchScreen.storyboard */ = {
			isa = PBXVariantGroup;
			children = (
				AAF791BF1E530FBE00085B4A /* Base */,
			);
			name = LaunchScreen.storyboard;
			sourceTree = "<group>";
		};
/* End PBXVariantGroup section */

/* Begin XCBuildConfiguration section */
		AAF791C21E530FBE00085B4A /* Debug */ = {
			isa = XCBuildConfiguration;
			buildSettings = {
				ALWAYS_SEARCH_USER_PATHS = NO;
				CLANG_ANALYZER_NONNULL = YES;
				CLANG_CXX_LANGUAGE_STANDARD = "gnu++0x";
				CLANG_CXX_LIBRARY = "libc++";
				CLANG_ENABLE_MODULES = YES;
				CLANG_ENABLE_OBJC_ARC = YES;
				CLANG_WARN_BOOL_CONVERSION = YES;
				CLANG_WARN_CONSTANT_CONVERSION = YES;
				CLANG_WARN_DIRECT_OBJC_ISA_USAGE = YES_ERROR;
				CLANG_WARN_DOCUMENTATION_COMMENTS = YES;
				CLANG_WARN_EMPTY_BODY = YES;
				CLANG_WARN_ENUM_CONVERSION = YES;
				CLANG_WARN_INFINITE_RECURSION = YES;
				CLANG_WARN_INT_CONVERSION = YES;
				CLANG_WARN_OBJC_ROOT_CLASS = YES_ERROR;
				CLANG_WARN_SUSPICIOUS_MOVE = YES;
				CLANG_WARN_UNREACHABLE_CODE = YES;
				CLANG_WARN__DUPLICATE_METHOD_MATCH = YES;
				"CODE_SIGN_IDENTITY[sdk=iphoneos*]" = "iPhone Developer";
				COPY_PHASE_STRIP = NO;
				DEBUG_INFORMATION_FORMAT = dwarf;
				ENABLE_STRICT_OBJC_MSGSEND = YES;
				ENABLE_TESTABILITY = YES;
				GCC_C_LANGUAGE_STANDARD = gnu99;
				GCC_DYNAMIC_NO_PIC = NO;
				GCC_NO_COMMON_BLOCKS = YES;
				GCC_OPTIMIZATION_LEVEL = 0;
				GCC_PREPROCESSOR_DEFINITIONS = (
					"DEBUG=1",
					"$(inherited)",
				);
				GCC_WARN_64_TO_32_BIT_CONVERSION = YES;
				GCC_WARN_ABOUT_RETURN_TYPE = YES_ERROR;
				GCC_WARN_UNDECLARED_SELECTOR = YES;
				GCC_WARN_UNINITIALIZED_AUTOS = YES_AGGRESSIVE;
				GCC_WARN_UNUSED_FUNCTION = YES;
				GCC_WARN_UNUSED_VARIABLE = YES;
				IPHONEOS_DEPLOYMENT_TARGET = 10.2;
				MTL_ENABLE_DEBUG_INFO = YES;
				ONLY_ACTIVE_ARCH = YES;
				SDKROOT = iphoneos;
				TARGETED_DEVICE_FAMILY = "1,2";
			};
			name = Debug;
		};
		AAF791C31E530FBE00085B4A /* Release */ = {
			isa = XCBuildConfiguration;
			buildSettings = {
				ALWAYS_SEARCH_USER_PATHS = NO;
				CLANG_ANALYZER_NONNULL = YES;
				CLANG_CXX_LANGUAGE_STANDARD = "gnu++0x";
				CLANG_CXX_LIBRARY = "libc++";
				CLANG_ENABLE_MODULES = YES;
				CLANG_ENABLE_OBJC_ARC = YES;
				CLANG_WARN_BOOL_CONVERSION = YES;
				CLANG_WARN_CONSTANT_CONVERSION = YES;
				CLANG_WARN_DIRECT_OBJC_ISA_USAGE = YES_ERROR;
				CLANG_WARN_DOCUMENTATION_COMMENTS = YES;
				CLANG_WARN_EMPTY_BODY = YES;
				CLANG_WARN_ENUM_CONVERSION = YES;
				CLANG_WARN_INFINITE_RECURSION = YES;
				CLANG_WARN_INT_CONVERSION = YES;
				CLANG_WARN_OBJC_ROOT_CLASS = YES_ERROR;
				CLANG_WARN_SUSPICIOUS_MOVE = YES;
				CLANG_WARN_UNREACHABLE_CODE = YES;
				CLANG_WARN__DUPLICATE_METHOD_MATCH = YES;
				"CODE_SIGN_IDENTITY[sdk=iphoneos*]" = "iPhone Developer";
				COPY_PHASE_STRIP = NO;
				DEBUG_INFORMATION_FORMAT = "dwarf-with-dsym";
				ENABLE_NS_ASSERTIONS = NO;
				ENABLE_STRICT_OBJC_MSGSEND = YES;
				GCC_C_LANGUAGE_STANDARD = gnu99;
				GCC_NO_COMMON_BLOCKS = YES;
				GCC_WARN_64_TO_32_BIT_CONVERSION = YES;
				GCC_WARN_ABOUT_RETURN_TYPE = YES_ERROR;
				GCC_WARN_UNDECLARED_SELECTOR = YES;
				GCC_WARN_UNINITIALIZED_AUTOS = YES_AGGRESSIVE;
				GCC_WARN_UNUSED_FUNCTION = YES;
				GCC_WARN_UNUSED_VARIABLE = YES;
				IPHONEOS_DEPLOYMENT_TARGET = 10.2;
				MTL_ENABLE_DEBUG_INFO = NO;
				SDKROOT = iphoneos;
				TARGETED_DEVICE_FAMILY = "1,2";
				VALIDATE_PRODUCT = YES;
			};
			name = Release;
		};
		AAF791C51E530FBE00085B4A /* Debug */ = {
			isa = XCBuildConfiguration;
			buildSettings = {
				ASSETCATALOG_COMPILER_APPICON_NAME = AppIcon;
				DEVELOPMENT_TEAM = PM7352S8QE;
				INFOPLIST_FILE = customlayout_collectionview/Info.plist;
				IPHONEOS_DEPLOYMENT_TARGET = 9.3;
				LD_RUNPATH_SEARCH_PATHS = "$(inherited) @executable_path/Frameworks";
				ONLY_ACTIVE_ARCH = NO;
				PRODUCT_BUNDLE_IDENTIFIER = "com.kony.myself.customlayout-collectionview";
				PRODUCT_NAME = "$(TARGET_NAME)";
			};
			name = Debug;
		};
		AAF791C61E530FBE00085B4A /* Release */ = {
			isa = XCBuildConfiguration;
			buildSettings = {
				ASSETCATALOG_COMPILER_APPICON_NAME = AppIcon;
				DEVELOPMENT_TEAM = PM7352S8QE;
				INFOPLIST_FILE = customlayout_collectionview/Info.plist;
				IPHONEOS_DEPLOYMENT_TARGET = 9.3;
				LD_RUNPATH_SEARCH_PATHS = "$(inherited) @executable_path/Frameworks";
				PRODUCT_BUNDLE_IDENTIFIER = "com.kony.myself.customlayout-collectionview";
				PRODUCT_NAME = "$(TARGET_NAME)";
			};
			name = Release;
		};
/* End XCBuildConfiguration section */

/* Begin XCConfigurationList section */
		AAF791A81E530FBE00085B4A /* Build configuration list for PBXProject "customlayout_collectionview" */ = {
			isa = XCConfigurationList;
			buildConfigurations = (
				AAF791C21E530FBE00085B4A /* Debug */,
				AAF791C31E530FBE00085B4A /* Release */,
			);
			defaultConfigurationIsVisible = 0;
			defaultConfigurationName = Release;
		};
		AAF791C41E530FBE00085B4A /* Build configuration list for PBXNativeTarget "customlayout_collectionview" */ = {
			isa = XCConfigurationList;
			buildConfigurations = (
				AAF791C51E530FBE00085B4A /* Debug */,
				AAF791C61E530FBE00085B4A /* Release */,
			);
			defaultConfigurationIsVisible = 0;
			defaultConfigurationName = Release;
		};
/* End XCConfigurationList section */
	};
	rootObject = AAF791A51E530FBE00085B4A /* Project object */;
}
